// !$*UTF8*$!
{
	archiveVersion = 1;
	classes = {
	};
	objectVersion = 46;
	objects = {

/* Begin PBXBuildFile section */
		6E094B9B1E35CD9F008B7528 /* DataRowTableViewCell.m in Sources */ = {isa = PBXBuildFile; fileRef = 6E094B9A1E35CD9F008B7528 /* DataRowTableViewCell.m */; };
		6E094BC81E35E3FB008B7528 /* NetworkDataFetcher.m in Sources */ = {isa = PBXBuildFile; fileRef = 6E094BC71E35E3FB008B7528 /* NetworkDataFetcher.m */; };
		6E094BCE1E35FC1D008B7528 /* FactDetails.m in Sources */ = {isa = PBXBuildFile; fileRef = 6E094BCD1E35FC1D008B7528 /* FactDetails.m */; };
		6E094BD11E35FC52008B7528 /* RowDetails.m in Sources */ = {isa = PBXBuildFile; fileRef = 6E094BD01E35FC52008B7528 /* RowDetails.m */; };
		CC4538561E334FEF00D47657 /* main.m in Sources */ = {isa = PBXBuildFile; fileRef = CC4538551E334FEF00D47657 /* main.m */; };
		CC4538591E334FEF00D47657 /* AppDelegate.m in Sources */ = {isa = PBXBuildFile; fileRef = CC4538581E334FEF00D47657 /* AppDelegate.m */; };
		CCA9609B1E335C6400A35FD9 /* Assets.xcassets in Resources */ = {isa = PBXBuildFile; fileRef = CCA9609A1E335C6400A35FD9 /* Assets.xcassets */; };
		CCA9609E1E335C9F00A35FD9 /* BaseViewController.m in Sources */ = {isa = PBXBuildFile; fileRef = CCA9609D1E335C9F00A35FD9 /* BaseViewController.m */; };
/* End PBXBuildFile section */

/* Begin PBXFileReference section */
		6E094B991E35CD9F008B7528 /* DataRowTableViewCell.h */ = {isa = PBXFileReference; fileEncoding = 4; lastKnownFileType = sourcecode.c.h; path = DataRowTableViewCell.h; sourceTree = "<group>"; };
		6E094B9A1E35CD9F008B7528 /* DataRowTableViewCell.m */ = {isa = PBXFileReference; fileEncoding = 4; lastKnownFileType = sourcecode.c.objc; path = DataRowTableViewCell.m; sourceTree = "<group>"; };
		6E094BC61E35E3FB008B7528 /* NetworkDataFetcher.h */ = {isa = PBXFileReference; fileEncoding = 4; lastKnownFileType = sourcecode.c.h; path = NetworkDataFetcher.h; sourceTree = "<group>"; };
		6E094BC71E35E3FB008B7528 /* NetworkDataFetcher.m */ = {isa = PBXFileReference; fileEncoding = 4; lastKnownFileType = sourcecode.c.objc; path = NetworkDataFetcher.m; sourceTree = "<group>"; };
		6E094BCC1E35FC1D008B7528 /* FactDetails.h */ = {isa = PBXFileReference; fileEncoding = 4; lastKnownFileType = sourcecode.c.h; path = FactDetails.h; sourceTree = "<group>"; };
		6E094BCD1E35FC1D008B7528 /* FactDetails.m */ = {isa = PBXFileReference; fileEncoding = 4; lastKnownFileType = sourcecode.c.objc; path = FactDetails.m; sourceTree = "<group>"; };
		6E094BCF1E35FC52008B7528 /* RowDetails.h */ = {isa = PBXFileReference; fileEncoding = 4; lastKnownFileType = sourcecode.c.h; path = RowDetails.h; sourceTree = "<group>"; };
		6E094BD01E35FC52008B7528 /* RowDetails.m */ = {isa = PBXFileReference; fileEncoding = 4; lastKnownFileType = sourcecode.c.objc; path = RowDetails.m; sourceTree = "<group>"; };
		CC4538511E334FEF00D47657 /* Proficiency_Exercise_Telstra.app */ = {isa = PBXFileReference; explicitFileType = wrapper.application; includeInIndex = 0; path = Proficiency_Exercise_Telstra.app; sourceTree = BUILT_PRODUCTS_DIR; };
		CC4538551E334FEF00D47657 /* main.m */ = {isa = PBXFileReference; lastKnownFileType = sourcecode.c.objc; path = main.m; sourceTree = "<group>"; };
		CC4538571E334FEF00D47657 /* AppDelegate.h */ = {isa = PBXFileReference; lastKnownFileType = sourcecode.c.h; path = AppDelegate.h; sourceTree = "<group>"; };
		CC4538581E334FEF00D47657 /* AppDelegate.m */ = {isa = PBXFileReference; lastKnownFileType = sourcecode.c.objc; path = AppDelegate.m; sourceTree = "<group>"; };
		CC4538651E334FEF00D47657 /* Info.plist */ = {isa = PBXFileReference; lastKnownFileType = text.plist.xml; path = Info.plist; sourceTree = "<group>"; };
		CCA9609A1E335C6400A35FD9 /* Assets.xcassets */ = {isa = PBXFileReference; lastKnownFileType = folder.assetcatalog; path = Assets.xcassets; sourceTree = "<group>"; };
		CCA9609C1E335C9F00A35FD9 /* BaseViewController.h */ = {isa = PBXFileReference; fileEncoding = 4; lastKnownFileType = sourcecode.c.h; path = BaseViewController.h; sourceTree = "<group>"; };
		CCA9609D1E335C9F00A35FD9 /* BaseViewController.m */ = {isa = PBXFileReference; fileEncoding = 4; lastKnownFileType = sourcecode.c.objc; path = BaseViewController.m; sourceTree = "<group>"; };
/* End PBXFileReference section */

/* Begin PBXFrameworksBuildPhase section */
		CC45384E1E334FEF00D47657 /* Frameworks */ = {
			isa = PBXFrameworksBuildPhase;
			buildActionMask = 2147483647;
			files = (
			);
			runOnlyForDeploymentPostprocessing = 0;
		};
/* End PBXFrameworksBuildPhase section */

/* Begin PBXGroup section */
		CC4538481E334FEF00D47657 = {
			isa = PBXGroup;
			children = (
				CC4538531E334FEF00D47657 /* Proficiency_Exercise_Telstra */,
				CC4538521E334FEF00D47657 /* Products */,
			);
			sourceTree = "<group>";
		};
		CC4538521E334FEF00D47657 /* Products */ = {
			isa = PBXGroup;
			children = (
				CC4538511E334FEF00D47657 /* Proficiency_Exercise_Telstra.app */,
			);
			name = Products;
			sourceTree = "<group>";
		};
		CC4538531E334FEF00D47657 /* Proficiency_Exercise_Telstra */ = {
			isa = PBXGroup;
			children = (
				CC45386B1E33551A00D47657 /* Application Base */,
				CC45386C1E33551A00D47657 /* Model Classes */,
				CC45386F1E33551A00D47657 /* ViewControllers */,
				CCA960991E335C6400A35FD9 /* Media & Assets */,
				CC45386D1E33551A00D47657 /* Supported Lib */,
				CC4538541E334FEF00D47657 /* Supporting Files */,
			);
			path = Proficiency_Exercise_Telstra;
			sourceTree = "<group>";
		};
		CC4538541E334FEF00D47657 /* Supporting Files */ = {
			isa = PBXGroup;
			children = (
				CC4538551E334FEF00D47657 /* main.m */,
			);
			name = "Supporting Files";
			sourceTree = "<group>";
		};
		CC45386B1E33551A00D47657 /* Application Base */ = {
			isa = PBXGroup;
			children = (
				CC4538571E334FEF00D47657 /* AppDelegate.h */,
				CC4538581E334FEF00D47657 /* AppDelegate.m */,
				CC4538651E334FEF00D47657 /* Info.plist */,
			);
			path = "Application Base";
			sourceTree = "<group>";
		};
		CC45386C1E33551A00D47657 /* Model Classes */ = {
			isa = PBXGroup;
			children = (
				6E094BCC1E35FC1D008B7528 /* FactDetails.h */,
				6E094BCD1E35FC1D008B7528 /* FactDetails.m */,
				6E094BCF1E35FC52008B7528 /* RowDetails.h */,
				6E094BD01E35FC52008B7528 /* RowDetails.m */,
			);
			path = "Model Classes";
			sourceTree = "<group>";
		};
		CC45386D1E33551A00D47657 /* Supported Lib */ = {
			isa = PBXGroup;
			children = (
				CC45386E1E33551A00D47657 /* Network Call */,
			);
			path = "Supported Lib";
			sourceTree = "<group>";
		};
		CC45386E1E33551A00D47657 /* Network Call */ = {
			isa = PBXGroup;
			children = (
				6E094BC61E35E3FB008B7528 /* NetworkDataFetcher.h */,
				6E094BC71E35E3FB008B7528 /* NetworkDataFetcher.m */,
			);
			path = "Network Call";
			sourceTree = "<group>";
		};
		CC45386F1E33551A00D47657 /* ViewControllers */ = {
			isa = PBXGroup;
			children = (
				CCA9609C1E335C9F00A35FD9 /* BaseViewController.h */,
				CCA9609D1E335C9F00A35FD9 /* BaseViewController.m */,
				CC4538701E33551A00D47657 /* Custom Cell */,
			);
			path = ViewControllers;
			sourceTree = "<group>";
		};
		CC4538701E33551A00D47657 /* Custom Cell */ = {
			isa = PBXGroup;
			children = (
				6E094B991E35CD9F008B7528 /* DataRowTableViewCell.h */,
				6E094B9A1E35CD9F008B7528 /* DataRowTableViewCell.m */,
			);
			path = "Custom Cell";
			sourceTree = "<group>";
		};
		CCA960991E335C6400A35FD9 /* Media & Assets */ = {
			isa = PBXGroup;
			children = (
				CCA9609A1E335C6400A35FD9 /* Assets.xcassets */,
			);
			path = "Media & Assets";
			sourceTree = "<group>";
		};
/* End PBXGroup section */

/* Begin PBXNativeTarget section */
		CC4538501E334FEF00D47657 /* Proficiency_Exercise_Telstra */ = {
			isa = PBXNativeTarget;
			buildConfigurationList = CC4538681E334FEF00D47657 /* Build configuration list for PBXNativeTarget "Proficiency_Exercise_Telstra" */;
			buildPhases = (
				CC45384D1E334FEF00D47657 /* Sources */,
				CC45384E1E334FEF00D47657 /* Frameworks */,
				CC45384F1E334FEF00D47657 /* Resources */,
			);
			buildRules = (
			);
			dependencies = (
			);
			name = Proficiency_Exercise_Telstra;
			productName = Proficiency_Exercise_Telstra;
			productReference = CC4538511E334FEF00D47657 /* Proficiency_Exercise_Telstra.app */;
			productType = "com.apple.product-type.application";
		};
/* End PBXNativeTarget section */

/* Begin PBXProject section */
		CC4538491E334FEF00D47657 /* Project object */ = {
			isa = PBXProject;
			attributes = {
				LastUpgradeCheck = 0820;
				ORGANIZATIONNAME = Infosys;
				TargetAttributes = {
					CC4538501E334FEF00D47657 = {
						CreatedOnToolsVersion = 8.0;
						ProvisioningStyle = Automatic;
					};
				};
			};
			buildConfigurationList = CC45384C1E334FEF00D47657 /* Build configuration list for PBXProject "Proficiency_Exercise_Telstra" */;
			compatibilityVersion = "Xcode 3.2";
			developmentRegion = English;
			hasScannedForEncodings = 0;
			knownRegions = (
				en,
				Base,
			);
			mainGroup = CC4538481E334FEF00D47657;
			productRefGroup = CC4538521E334FEF00D47657 /* Products */;
			projectDirPath = "";
			projectRoot = "";
			targets = (
				CC4538501E334FEF00D47657 /* Proficiency_Exercise_Telstra */,
			);
		};
/* End PBXProject section */

/* Begin PBXResourcesBuildPhase section */
		CC45384F1E334FEF00D47657 /* Resources */ = {
			isa = PBXResourcesBuildPhase;
			buildActionMask = 2147483647;
			files = (
				CCA9609B1E335C6400A35FD9 /* Assets.xcassets in Resources */,
			);
			runOnlyForDeploymentPostprocessing = 0;
		};
/* End PBXResourcesBuildPhase section */

/* Begin PBXSourcesBuildPhase section */
		CC45384D1E334FEF00D47657 /* Sources */ = {
			isa = PBXSourcesBuildPhase;
			buildActionMask = 2147483647;
			files = (
				CCA9609E1E335C9F00A35FD9 /* BaseViewController.m in Sources */,
				6E094BCE1E35FC1D008B7528 /* FactDetails.m in Sources */,
				CC4538591E334FEF00D47657 /* AppDelegate.m in Sources */,
				6E094B9B1E35CD9F008B7528 /* DataRowTableViewCell.m in Sources */,
				6E094BC81E35E3FB008B7528 /* NetworkDataFetcher.m in Sources */,
				6E094BD11E35FC52008B7528 /* RowDetails.m in Sources */,
				CC4538561E334FEF00D47657 /* main.m in Sources */,
			);
			runOnlyForDeploymentPostprocessing = 0;
		};
/* End PBXSourcesBuildPhase section */

/* Begin XCBuildConfiguration section */
		CC4538661E334FEF00D47657 /* Debug */ = {
			isa = XCBuildConfiguration;
			buildSettings = {
				ALWAYS_SEARCH_USER_PATHS = NO;
				CLANG_ANALYZER_NONNULL = YES;
				CLANG_CXX_LANGUAGE_STANDARD = "gnu++0x";
				CLANG_CXX_LIBRARY = "libc++";
				CLANG_ENABLE_MODULES = YES;
				CLANG_ENABLE_OBJC_ARC = YES;
				CLANG_WARN_BOOL_CONVERSION = YES;
				CLANG_WARN_CONSTANT_CONVERSION = YES;
				CLANG_WARN_DIRECT_OBJC_ISA_USAGE = YES_ERROR;
				CLANG_WARN_DOCUMENTATION_COMMENTS = YES;
				CLANG_WARN_EMPTY_BODY = YES;
				CLANG_WARN_ENUM_CONVERSION = YES;
				CLANG_WARN_INFINITE_RECURSION = YES;
				CLANG_WARN_INT_CONVERSION = YES;
				CLANG_WARN_OBJC_ROOT_CLASS = YES_ERROR;
				CLANG_WARN_SUSPICIOUS_MOVE = YES;
				CLANG_WARN_SUSPICIOUS_MOVES = YES;
				CLANG_WARN_UNREACHABLE_CODE = YES;
				CLANG_WARN__DUPLICATE_METHOD_MATCH = YES;
				"CODE_SIGN_IDENTITY[sdk=iphoneos*]" = "iPhone Developer";
				COPY_PHASE_STRIP = NO;
				DEBUG_INFORMATION_FORMAT = dwarf;
				ENABLE_STRICT_OBJC_MSGSEND = YES;
				ENABLE_TESTABILITY = YES;
				GCC_C_LANGUAGE_STANDARD = gnu99;
				GCC_DYNAMIC_NO_PIC = NO;
				GCC_NO_COMMON_BLOCKS = YES;
				GCC_OPTIMIZATION_LEVEL = 0;
				GCC_PREPROCESSOR_DEFINITIONS = (
					"DEBUG=1",
					"$(inherited)",
				);
				GCC_WARN_64_TO_32_BIT_CONVERSION = YES;
				GCC_WARN_ABOUT_RETURN_TYPE = YES_ERROR;
				GCC_WARN_UNDECLARED_SELECTOR = YES;
				GCC_WARN_UNINITIALIZED_AUTOS = YES_AGGRESSIVE;
				GCC_WARN_UNUSED_FUNCTION = YES;
				GCC_WARN_UNUSED_VARIABLE = YES;
				IPHONEOS_DEPLOYMENT_TARGET = 9.0;
				MTL_ENABLE_DEBUG_INFO = YES;
				ONLY_ACTIVE_ARCH = YES;
				SDKROOT = iphoneos;
			};
			name = Debug;
		};
		CC4538671E334FEF00D47657 /* Release */ = {
			isa = XCBuildConfiguration;
			buildSettings = {
				ALWAYS_SEARCH_USER_PATHS = NO;
				CLANG_ANALYZER_NONNULL = YES;
				CLANG_CXX_LANGUAGE_STANDARD = "gnu++0x";
				CLANG_CXX_LIBRARY = "libc++";
				CLANG_ENABLE_MODULES = YES;
				CLANG_ENABLE_OBJC_ARC = YES;
				CLANG_WARN_BOOL_CONVERSION = YES;
				CLANG_WARN_CONSTANT_CONVERSION = YES;
				CLANG_WARN_DIRECT_OBJC_ISA_USAGE = YES_ERROR;
				CLANG_WARN_DOCUMENTATION_COMMENTS = YES;
				CLANG_WARN_EMPTY_BODY = YES;
				CLANG_WARN_ENUM_CONVERSION = YES;
				CLANG_WARN_INFINITE_RECURSION = YES;
				CLANG_WARN_INT_CONVERSION = YES;
				CLANG_WARN_OBJC_ROOT_CLASS = YES_ERROR;
				CLANG_WARN_SUSPICIOUS_MOVE = YES;
				CLANG_WARN_SUSPICIOUS_MOVES = YES;
				CLANG_WARN_UNREACHABLE_CODE = YES;
				CLANG_WARN__DUPLICATE_METHOD_MATCH = YES;
				"CODE_SIGN_IDENTITY[sdk=iphoneos*]" = "iPhone Developer";
				COPY_PHASE_STRIP = NO;
				DEBUG_INFORMATION_FORMAT = "dwarf-with-dsym";
				ENABLE_NS_ASSERTIONS = NO;
				ENABLE_STRICT_OBJC_MSGSEND = YES;
				GCC_C_LANGUAGE_STANDARD = gnu99;
				GCC_NO_COMMON_BLOCKS = YES;
				GCC_WARN_64_TO_32_BIT_CONVERSION = YES;
				GCC_WARN_ABOUT_RETURN_TYPE = YES_ERROR;
				GCC_WARN_UNDECLARED_SELECTOR = YES;
				GCC_WARN_UNINITIALIZED_AUTOS = YES_AGGRESSIVE;
				GCC_WARN_UNUSED_FUNCTION = YES;
				GCC_WARN_UNUSED_VARIABLE = YES;
				IPHONEOS_DEPLOYMENT_TARGET = 9.0;
				MTL_ENABLE_DEBUG_INFO = NO;
				SDKROOT = iphoneos;
				VALIDATE_PRODUCT = YES;
			};
			name = Release;
		};
		CC4538691E334FEF00D47657 /* Debug */ = {
			isa = XCBuildConfiguration;
			buildSettings = {
				ASSETCATALOG_COMPILER_APPICON_NAME = AppIcon;
				ASSETCATALOG_COMPILER_LAUNCHIMAGE_NAME = LaunchImage;
				INFOPLIST_FILE = "$(SRCROOT)/Proficiency_Exercise_Telstra/Application Base/Info.plist";
				LD_RUNPATH_SEARCH_PATHS = "$(inherited) @executable_path/Frameworks";
				PRODUCT_BUNDLE_IDENTIFIER = "infy.telstra.Proficiency-Exercise-Telstra";
				PRODUCT_NAME = "$(TARGET_NAME)";
				TARGETED_DEVICE_FAMILY = "1,2";
			};
			name = Debug;
		};
		CC45386A1E334FEF00D47657 /* Release */ = {
			isa = XCBuildConfiguration;
			buildSettings = {
				ASSETCATALOG_COMPILER_APPICON_NAME = AppIcon;
				ASSETCATALOG_COMPILER_LAUNCHIMAGE_NAME = LaunchImage;
				INFOPLIST_FILE = "$(SRCROOT)/Proficiency_Exercise_Telstra/Application Base/Info.plist";
				LD_RUNPATH_SEARCH_PATHS = "$(inherited) @executable_path/Frameworks";
				PRODUCT_BUNDLE_IDENTIFIER = "infy.telstra.Proficiency-Exercise-Telstra";
				PRODUCT_NAME = "$(TARGET_NAME)";
				TARGETED_DEVICE_FAMILY = "1,2";
			};
			name = Release;
		};
/* End XCBuildConfiguration section */

/* Begin XCConfigurationList section */
		CC45384C1E334FEF00D47657 /* Build configuration list for PBXProject "Proficiency_Exercise_Telstra" */ = {
			isa = XCConfigurationList;
			buildConfigurations = (
				CC4538661E334FEF00D47657 /* Debug */,
				CC4538671E334FEF00D47657 /* Release */,
			);
			defaultConfigurationIsVisible = 0;
			defaultConfigurationName = Release;
		};
		CC4538681E334FEF00D47657 /* Build configuration list for PBXNativeTarget "Proficiency_Exercise_Telstra" */ = {
			isa = XCConfigurationList;
			buildConfigurations = (
				CC4538691E334FEF00D47657 /* Debug */,
				CC45386A1E334FEF00D47657 /* Release */,
			);
			defaultConfigurationIsVisible = 0;
			defaultConfigurationName = Release;
		};
/* End XCConfigurationList section */
	};
	rootObject = CC4538491E334FEF00D47657 /* Project object */;
}
